{"version":4,"terraform_version":"1.8.5","serial":7,"lineage":"988d3cf5-acf0-c14f-e2af-674b17598e96","outputs":{},"resources":[{"mode":"data","type":"hcloud_server","name":"server","provider":"provider[\"registry.opentofu.org/hetznercloud/hcloud\"]","instances":[{"schema_version":0,"attributes":{"backup_window":"","backups":false,"datacenter":"hel1-dc2","delete_protection":false,"firewall_ids":[],"id":56534491,"image":"fedora-40","ipv4_address":"135.181.92.35","ipv6_address":"2a01:4f9:c011:966f::1","ipv6_network":"2a01:4f9:c011:966f::/64","iso":null,"labels":{},"location":"hel1","name":"tofu.therojam.tech","placement_group_id":0,"primary_disk_size":40,"rebuild_protection":false,"rescue":null,"selector":null,"server_type":"cpx11","status":"running","with_selector":null,"with_status":null},"sensitive_attributes":[]}]},{"mode":"data","type":"hcloud_ssh_key","name":"ssh_keys","provider":"provider[\"registry.opentofu.org/hetznercloud/hcloud\"]","instances":[{"schema_version":0,"attributes":{"fingerprint":"67:dc:47:76:22:87:7a:88:ec:f4:70:36:c0:ad:98:1d","id":3137417,"labels":{"user":"admin","vorstand":"true"},"name":"mbp.mueant.local","public_key":"ssh-ed25519 AAAAC3NzaC1lZDI1NTE5AAAAIAPeve4odjbdykYh5Q3BuKxWvhsXrOvUg6bNsBH3d64y mbp.mueant.local","selector":null,"with_selector":null},"sensitive_attributes":[]}]},{"mode":"managed","type":"hcloud_server","name":"server","provider":"provider[\"registry.opentofu.org/hetznercloud/hcloud\"]","instances":[{"schema_version":0,"attributes":{"allow_deprecated_images":false,"backup_window":"","backups":false,"datacenter":"hel1-dc2","delete_protection":false,"firewall_ids":[],"id":"56534491","ignore_remote_firewall_ids":false,"image":"fedora-40","ipv4_address":"135.181.92.35","ipv6_address":"2a01:4f9:c011:966f::1","ipv6_network":"2a01:4f9:c011:966f::/64","iso":null,"keep_disk":false,"labels":null,"location":"hel1","name":"tofu.therojam.tech","network":[],"placement_group_id":0,"primary_disk_size":40,"public_net":[],"rebuild_protection":false,"rescue":null,"server_type":"cpx11","shutdown_before_deletion":false,"ssh_keys":["3137417"],"status":"running","timeouts":null,"user_data":"Ws9uxqV0ppZlwBsakYmF5DZznyg="},"sensitive_attributes":[],"private":"eyJlMmJmYjczMC1lY2FhLTExZTYtOGY4OC0zNDM2M2JjN2M0YzAiOnsiY3JlYXRlIjo1NDAwMDAwMDAwMDAwfX0=","dependencies":["data.hcloud_ssh_key.ssh_keys"]}]},{"mode":"managed","type":"random_password","name":"password","provider":"provider[\"registry.opentofu.org/hashicorp/random\"]","instances":[{"schema_version":3,"attributes":{"bcrypt_hash":"$2a$10$EamfdsrMnDd4Im9hiAsKIO/7e//c3q0XQMsoXTp8SqVGeuYA0t31y","id":"none","keepers":null,"length":16,"lower":true,"min_lower":0,"min_numeric":0,"min_special":0,"min_upper":0,"number":true,"numeric":true,"override_special":"_%@","result":"lzmWtXZ@CA1MacxM","special":true,"upper":true},"sensitive_attributes":[[{"type":"get_attr","value":"result"}],[{"type":"get_attr","value":"bcrypt_hash"}]]}]}],"check_results":null}
